
Microsoft Visual Studio Solution File, Format Version 12.00
# Visual Studio Version 17
VisualStudioVersion = 17.8.34511.84
MinimumVisualStudioVersion = 10.0.40219.1
Project("{9A19103F-16F7-4668-BE54-9A1E7A4F7556}") = "appPFE", "appPFE\appPFE.csproj", "{F9CAEA6C-001C-45AF-A456-7B0B8D09A54C}"
EndProject
Global
	GlobalSection(SolutionConfigurationPlatforms) = preSolution
		Debug|Any CPU = Debug|Any CPU
		Release|Any CPU = Release|Any CPU
	EndGlobalSection
	GlobalSection(ProjectConfigurationPlatforms) = postSolution
		{F9CAEA6C-001C-45AF-A456-7B0B8D09A54C}.Debug|Any CPU.ActiveCfg = Debug|Any CPU
		{F9CAEA6C-001C-45AF-A456-7B0B8D09A54C}.Debug|Any CPU.Build.0 = Debug|Any CPU
		{F9CAEA6C-001C-45AF-A456-7B0B8D09A54C}.Release|Any CPU.ActiveCfg = Release|Any CPU
		{F9CAEA6C-001C-45AF-A456-7B0B8D09A54C}.Release|Any CPU.Build.0 = Release|Any CPU
	EndGlobalSection
	GlobalSection(SolutionProperties) = preSolution
		HideSolutionNode = FALSE
	EndGlobalSection
	GlobalSection(ExtensibilityGlobals) = postSolution
		SolutionGuid = {5B463BC9-0595-4CE7-BD6C-BAC80CF2F28D}
	EndGlobalSection
EndGlobal
